
Microsoft Visual Studio Solution File, Format Version 12.00
# Visual Studio 15
VisualStudioVersion = 15.0.28307.136
MinimumVisualStudioVersion = 10.0.40219.1
Project("{FAE04EC0-301F-11D3-BF4B-00C04F79EFBC}") = "Ejercicio1_Imprimible", "Ejercicio1_Imprimible\Ejercicio1_Imprimible.csproj", "{9A8A6F98-AC25-4808-B826-69E8B73B740C}"
EndProject
Project("{FAE04EC0-301F-11D3-BF4B-00C04F79EFBC}") = "Ejercicio2_Volador", "Ejercicio2_Volador\Ejercicio2_Volador.csproj", "{03E5441D-40E2-48E2-844C-F96716178EB4}"
EndProject
Global
	GlobalSection(SolutionConfigurationPlatforms) = preSolution
		Debug|Any CPU = Debug|Any CPU
		Release|Any CPU = Release|Any CPU
	EndGlobalSection
	GlobalSection(ProjectConfigurationPlatforms) = postSolution
		{9A8A6F98-AC25-4808-B826-69E8B73B740C}.Debug|Any CPU.ActiveCfg = Debug|Any CPU
		{9A8A6F98-AC25-4808-B826-69E8B73B740C}.Debug|Any CPU.Build.0 = Debug|Any CPU
		{9A8A6F98-AC25-4808-B826-69E8B73B740C}.Release|Any CPU.ActiveCfg = Release|Any CPU
		{9A8A6F98-AC25-4808-B826-69E8B73B740C}.Release|Any CPU.Build.0 = Release|Any CPU
		{03E5441D-40E2-48E2-844C-F96716178EB4}.Debug|Any CPU.ActiveCfg = Debug|Any CPU
		{03E5441D-40E2-48E2-844C-F96716178EB4}.Debug|Any CPU.Build.0 = Debug|Any CPU
		{03E5441D-40E2-48E2-844C-F96716178EB4}.Release|Any CPU.ActiveCfg = Release|Any CPU
		{03E5441D-40E2-48E2-844C-F96716178EB4}.Release|Any CPU.Build.0 = Release|Any CPU
	EndGlobalSection
	GlobalSection(SolutionProperties) = preSolution
		HideSolutionNode = FALSE
	EndGlobalSection
	GlobalSection(ExtensibilityGlobals) = postSolution
		SolutionGuid = {31DA0988-2C57-4FC6-ABA6-951A62B2F32A}
	EndGlobalSection
EndGlobal
